
Microsoft Visual Studio Solution File, Format Version 12.00
# Visual Studio Version 17
VisualStudioVersion = 17.1.32319.34
MinimumVisualStudioVersion = 10.0.40219.1
Project("{9A19103F-16F7-4668-BE54-9A1E7A4F7556}") = "PackLife", "Doggo\PackLife.csproj", "{8631ECAF-D2A1-4848-A8E5-068696455C51}"
EndProject
Global
	GlobalSection(SolutionConfigurationPlatforms) = preSolution
		Debug|Any CPU = Debug|Any CPU
		Release|Any CPU = Release|Any CPU
	EndGlobalSection
	GlobalSection(ProjectConfigurationPlatforms) = postSolution
		{8631ECAF-D2A1-4848-A8E5-068696455C51}.Debug|Any CPU.ActiveCfg = Debug|Any CPU
		{8631ECAF-D2A1-4848-A8E5-068696455C51}.Debug|Any CPU.Build.0 = Debug|Any CPU
		{8631ECAF-D2A1-4848-A8E5-068696455C51}.Release|Any CPU.ActiveCfg = Release|Any CPU
		{8631ECAF-D2A1-4848-A8E5-068696455C51}.Release|Any CPU.Build.0 = Release|Any CPU
	EndGlobalSection
	GlobalSection(SolutionProperties) = preSolution
		HideSolutionNode = FALSE
	EndGlobalSection
	GlobalSection(ExtensibilityGlobals) = postSolution
		SolutionGuid = {92C293EC-A55D-4C15-A6B0-489C848827AD}
	EndGlobalSection
EndGlobal
